
Microsoft Visual Studio Solution File, Format Version 12.00
# Visual Studio Version 16
VisualStudioVersion = 16.0.32126.315
MinimumVisualStudioVersion = 10.0.40219.1
Project("{FAE04EC0-301F-11D3-BF4B-00C04F79EFBC}") = "HW_2_Task_5", "HW_2_Task_5\HW_2_Task_5.csproj", "{D92BAFB9-194C-47E6-B0DC-BA167E2D1B5E}"
EndProject
Global
	GlobalSection(SolutionConfigurationPlatforms) = preSolution
		Debug|Any CPU = Debug|Any CPU
		Release|Any CPU = Release|Any CPU
	EndGlobalSection
	GlobalSection(ProjectConfigurationPlatforms) = postSolution
		{D92BAFB9-194C-47E6-B0DC-BA167E2D1B5E}.Debug|Any CPU.ActiveCfg = Debug|Any CPU
		{D92BAFB9-194C-47E6-B0DC-BA167E2D1B5E}.Debug|Any CPU.Build.0 = Debug|Any CPU
		{D92BAFB9-194C-47E6-B0DC-BA167E2D1B5E}.Release|Any CPU.ActiveCfg = Release|Any CPU
		{D92BAFB9-194C-47E6-B0DC-BA167E2D1B5E}.Release|Any CPU.Build.0 = Release|Any CPU
	EndGlobalSection
	GlobalSection(SolutionProperties) = preSolution
		HideSolutionNode = FALSE
	EndGlobalSection
	GlobalSection(ExtensibilityGlobals) = postSolution
		SolutionGuid = {99F96F0C-D149-4A2B-9561-5C7CAC20D09E}
	EndGlobalSection
EndGlobal
